
Microsoft Visual Studio Solution File, Format Version 12.00
Project("{FAE04EC0-301F-11D3-BF4B-00C04F79EFBC}") = "Api-Task-Eksport", "Api-Task-Eksport\Api-Task-Eksport.csproj", "{0C723F41-5D46-4526-810C-671E1E47EFBE}"
EndProject
Global
	GlobalSection(SolutionConfigurationPlatforms) = preSolution
		Debug|Any CPU = Debug|Any CPU
		Release|Any CPU = Release|Any CPU
	EndGlobalSection
	GlobalSection(ProjectConfigurationPlatforms) = postSolution
		{0C723F41-5D46-4526-810C-671E1E47EFBE}.Debug|Any CPU.ActiveCfg = Debug|Any CPU
		{0C723F41-5D46-4526-810C-671E1E47EFBE}.Debug|Any CPU.Build.0 = Debug|Any CPU
		{0C723F41-5D46-4526-810C-671E1E47EFBE}.Release|Any CPU.ActiveCfg = Release|Any CPU
		{0C723F41-5D46-4526-810C-671E1E47EFBE}.Release|Any CPU.Build.0 = Release|Any CPU
	EndGlobalSection
EndGlobal
